
Microsoft Visual Studio Solution File, Format Version 12.00
# Visual Studio 15
VisualStudioVersion = 15.0.26730.16
MinimumVisualStudioVersion = 10.0.40219.1
Project("{FAE04EC0-301F-11D3-BF4B-00C04F79EFBC}") = "TestPlugin", "TS3AudioBotPlugins\TestPlugin.csproj", "{82A562FB-BFC9-458B-8412-0D78E1882B51}"
EndProject
Project("{FAE04EC0-301F-11D3-BF4B-00C04F79EFBC}") = "NowPlayingChannelChat", "NowPlayingChannelChat\NowPlayingChannelChat.csproj", "{2B9C76B0-5B6B-4AA5-B009-839E2F94BD70}"
EndProject
Project("{2150E333-8FDC-42A3-9474-1A3956D46DE8}") = "Solution Items", "Solution Items", "{AAEAEA31-4997-41D3-BA95-DCEFD386234E}"
	ProjectSection(SolutionItems) = preProject
		Class1.cs = Class1.cs
	EndProjectSection
EndProject
Project("{FAE04EC0-301F-11D3-BF4B-00C04F79EFBC}") = "AutoChannelCommander", "AutoChannelCommander\AutoChannelCommander.csproj", "{873F143E-70FD-4366-8BEC-3D5506BA7E0F}"
EndProject
Project("{FAE04EC0-301F-11D3-BF4B-00C04F79EFBC}") = "AutoFollow", "AutoFollow\AutoFollow.csproj", "{2034ACB5-D3A0-4533-ABF7-80C24A1D6101}"
EndProject
Project("{FAE04EC0-301F-11D3-BF4B-00C04F79EFBC}") = "NowPlayingPrivateChat", "NowPlayingPrivateChat\NowPlayingPrivateChat.csproj", "{437CB0C7-D2DD-4543-8AC3-F662CC1516AD}"
EndProject
Global
	GlobalSection(SolutionConfigurationPlatforms) = preSolution
		Debug|Any CPU = Debug|Any CPU
		Release|Any CPU = Release|Any CPU
	EndGlobalSection
	GlobalSection(ProjectConfigurationPlatforms) = postSolution
		{82A562FB-BFC9-458B-8412-0D78E1882B51}.Debug|Any CPU.ActiveCfg = Debug|Any CPU
		{82A562FB-BFC9-458B-8412-0D78E1882B51}.Debug|Any CPU.Build.0 = Debug|Any CPU
		{82A562FB-BFC9-458B-8412-0D78E1882B51}.Release|Any CPU.ActiveCfg = Release|Any CPU
		{82A562FB-BFC9-458B-8412-0D78E1882B51}.Release|Any CPU.Build.0 = Release|Any CPU
		{2B9C76B0-5B6B-4AA5-B009-839E2F94BD70}.Debug|Any CPU.ActiveCfg = Debug|Any CPU
		{2B9C76B0-5B6B-4AA5-B009-839E2F94BD70}.Debug|Any CPU.Build.0 = Debug|Any CPU
		{2B9C76B0-5B6B-4AA5-B009-839E2F94BD70}.Release|Any CPU.ActiveCfg = Release|Any CPU
		{2B9C76B0-5B6B-4AA5-B009-839E2F94BD70}.Release|Any CPU.Build.0 = Release|Any CPU
		{873F143E-70FD-4366-8BEC-3D5506BA7E0F}.Debug|Any CPU.ActiveCfg = Debug|Any CPU
		{873F143E-70FD-4366-8BEC-3D5506BA7E0F}.Debug|Any CPU.Build.0 = Debug|Any CPU
		{873F143E-70FD-4366-8BEC-3D5506BA7E0F}.Release|Any CPU.ActiveCfg = Release|Any CPU
		{873F143E-70FD-4366-8BEC-3D5506BA7E0F}.Release|Any CPU.Build.0 = Release|Any CPU
		{2034ACB5-D3A0-4533-ABF7-80C24A1D6101}.Debug|Any CPU.ActiveCfg = Debug|Any CPU
		{2034ACB5-D3A0-4533-ABF7-80C24A1D6101}.Debug|Any CPU.Build.0 = Debug|Any CPU
		{2034ACB5-D3A0-4533-ABF7-80C24A1D6101}.Release|Any CPU.ActiveCfg = Release|Any CPU
		{2034ACB5-D3A0-4533-ABF7-80C24A1D6101}.Release|Any CPU.Build.0 = Release|Any CPU
		{437CB0C7-D2DD-4543-8AC3-F662CC1516AD}.Debug|Any CPU.ActiveCfg = Debug|Any CPU
		{437CB0C7-D2DD-4543-8AC3-F662CC1516AD}.Debug|Any CPU.Build.0 = Debug|Any CPU
		{437CB0C7-D2DD-4543-8AC3-F662CC1516AD}.Release|Any CPU.ActiveCfg = Release|Any CPU
		{437CB0C7-D2DD-4543-8AC3-F662CC1516AD}.Release|Any CPU.Build.0 = Release|Any CPU
	EndGlobalSection
	GlobalSection(SolutionProperties) = preSolution
		HideSolutionNode = FALSE
	EndGlobalSection
	GlobalSection(ExtensibilityGlobals) = postSolution
		SolutionGuid = {02C9A4B5-EBEC-4778-B623-056D730EEC5E}
	EndGlobalSection
EndGlobal
