
Microsoft Visual Studio Solution File, Format Version 12.00
# Visual Studio 15
VisualStudioVersion = 15.0.27004.2005
MinimumVisualStudioVersion = 10.0.40219.1
Project("{2150E333-8FDC-42A3-9474-1A3956D46DE8}") = "Solution Items", "Solution Items", "{AAEAEA31-4997-41D3-BA95-DCEFD386234E}"
	ProjectSection(SolutionItems) = preProject
		Class1.cs = Class1.cs
		Example.cs = Example.cs
	EndProjectSection
EndProject
Project("{FAE04EC0-301F-11D3-BF4B-00C04F79EFBC}") = "AutoFollow", "AutoFollow\AutoFollow.csproj", "{2034ACB5-D3A0-4533-ABF7-80C24A1D6101}"
EndProject
Project("{FAE04EC0-301F-11D3-BF4B-00C04F79EFBC}") = "MetaData", "MetaData\MetaData.csproj", "{A31B7BC4-4D11-463A-9E08-7908F1104DFF}"
EndProject
Project("{FAE04EC0-301F-11D3-BF4B-00C04F79EFBC}") = "NowPlaying", "NowPlaying\NowPlaying.csproj", "{2B9C76B0-5B6B-4AA5-B009-839E2F94BD70}"
EndProject
Project("{FAE04EC0-301F-11D3-BF4B-00C04F79EFBC}") = "TestPlugin", "TestPlugin\TestPlugin.csproj", "{82A562FB-BFC9-458B-8412-0D78E1882B51}"
EndProject
Project("{FAE04EC0-301F-11D3-BF4B-00C04F79EFBC}") = "PMRedirect", "PMRedirect\PMRedirect.csproj", "{437CB0C7-D2DD-4543-8AC3-F662CC1516AD}"
EndProject
Project("{FAE04EC0-301F-11D3-BF4B-00C04F79EFBC}") = "ClientQuery", "ClientQuery\ClientQuery.csproj", "{7F9F5D44-8C11-4785-A224-41DC0E73BD45}"
EndProject
Project("{FAE04EC0-301F-11D3-BF4B-00C04F79EFBC}") = "RegistriertChannel", "RegistriertChannel\RegistriertChannel.csproj", "{9ED174DF-9421-419C-9099-A402DB9CF97D}"
EndProject
Project("{9A19103F-16F7-4668-BE54-9A1E7A4F7556}") = "AutoChannelCreate", "AutoChannelCreate\AutoChannelCreate.csproj", "{094DE022-F932-43C0-A9E5-21378E2E8312}"
EndProject
Project("{9A19103F-16F7-4668-BE54-9A1E7A4F7556}") = "TS3AudioBot", "..\TS3AudioBot\TS3AudioBot\TS3AudioBot.csproj", "{8DCB9B39-EC81-48F9-8E94-304ACE471BC8}"
EndProject
Project("{9A19103F-16F7-4668-BE54-9A1E7A4F7556}") = "TS3Client", "..\TS3AudioBot\TS3Client\TS3Client.csproj", "{962813AE-56FD-4699-9675-FD27B9E2CFB5}"
EndProject
Project("{9A19103F-16F7-4668-BE54-9A1E7A4F7556}") = "VersionDetector", "VersionDump\VersionDetector.csproj", "{98BA33E4-63E0-4E8F-9594-935E6A05AE02}"
EndProject
Project("{9A19103F-16F7-4668-BE54-9A1E7A4F7556}") = "NoIdentity", "NoIdentity\NoIdentity.csproj", "{2F2E11E0-19A6-4A55-B552-0D93867420B0}"
EndProject
Project("{9A19103F-16F7-4668-BE54-9A1E7A4F7556}") = "AutoChannelCommander", "AutoChannelCommander\AutoChannelCommander.csproj", "{E1F2B4D4-0EE1-4D23-BB7E-2F8FE13EDEF9}"
EndProject
Project("{9A19103F-16F7-4668-BE54-9A1E7A4F7556}") = "Tools", "Tools\Tools.csproj", "{0D4AB6B3-7FC0-4654-861B-D5BFE108652F}"
EndProject
Global
	GlobalSection(SolutionConfigurationPlatforms) = preSolution
		Debug|Any CPU = Debug|Any CPU
		Release|Any CPU = Release|Any CPU
	EndGlobalSection
	GlobalSection(ProjectConfigurationPlatforms) = postSolution
		{2034ACB5-D3A0-4533-ABF7-80C24A1D6101}.Debug|Any CPU.ActiveCfg = Debug|Any CPU
		{2034ACB5-D3A0-4533-ABF7-80C24A1D6101}.Release|Any CPU.ActiveCfg = Release|Any CPU
		{2034ACB5-D3A0-4533-ABF7-80C24A1D6101}.Release|Any CPU.Build.0 = Release|Any CPU
		{A31B7BC4-4D11-463A-9E08-7908F1104DFF}.Debug|Any CPU.ActiveCfg = Debug|Any CPU
		{A31B7BC4-4D11-463A-9E08-7908F1104DFF}.Release|Any CPU.ActiveCfg = Release|Any CPU
		{A31B7BC4-4D11-463A-9E08-7908F1104DFF}.Release|Any CPU.Build.0 = Release|Any CPU
		{2B9C76B0-5B6B-4AA5-B009-839E2F94BD70}.Debug|Any CPU.ActiveCfg = Debug|Any CPU
		{2B9C76B0-5B6B-4AA5-B009-839E2F94BD70}.Release|Any CPU.ActiveCfg = Release|Any CPU
		{2B9C76B0-5B6B-4AA5-B009-839E2F94BD70}.Release|Any CPU.Build.0 = Release|Any CPU
		{82A562FB-BFC9-458B-8412-0D78E1882B51}.Debug|Any CPU.ActiveCfg = Debug|Any CPU
		{82A562FB-BFC9-458B-8412-0D78E1882B51}.Release|Any CPU.ActiveCfg = Release|Any CPU
		{82A562FB-BFC9-458B-8412-0D78E1882B51}.Release|Any CPU.Build.0 = Release|Any CPU
		{437CB0C7-D2DD-4543-8AC3-F662CC1516AD}.Debug|Any CPU.ActiveCfg = Debug|Any CPU
		{437CB0C7-D2DD-4543-8AC3-F662CC1516AD}.Release|Any CPU.ActiveCfg = Release|Any CPU
		{437CB0C7-D2DD-4543-8AC3-F662CC1516AD}.Release|Any CPU.Build.0 = Release|Any CPU
		{7F9F5D44-8C11-4785-A224-41DC0E73BD45}.Debug|Any CPU.ActiveCfg = Debug|Any CPU
		{7F9F5D44-8C11-4785-A224-41DC0E73BD45}.Release|Any CPU.ActiveCfg = Release|Any CPU
		{7F9F5D44-8C11-4785-A224-41DC0E73BD45}.Release|Any CPU.Build.0 = Release|Any CPU
		{9ED174DF-9421-419C-9099-A402DB9CF97D}.Debug|Any CPU.ActiveCfg = Debug|Any CPU
		{9ED174DF-9421-419C-9099-A402DB9CF97D}.Release|Any CPU.ActiveCfg = Release|Any CPU
		{9ED174DF-9421-419C-9099-A402DB9CF97D}.Release|Any CPU.Build.0 = Release|Any CPU
		{094DE022-F932-43C0-A9E5-21378E2E8312}.Debug|Any CPU.ActiveCfg = Debug|Any CPU
		{094DE022-F932-43C0-A9E5-21378E2E8312}.Debug|Any CPU.Build.0 = Debug|Any CPU
		{094DE022-F932-43C0-A9E5-21378E2E8312}.Release|Any CPU.ActiveCfg = Release|Any CPU
		{094DE022-F932-43C0-A9E5-21378E2E8312}.Release|Any CPU.Build.0 = Release|Any CPU
		{8DCB9B39-EC81-48F9-8E94-304ACE471BC8}.Debug|Any CPU.ActiveCfg = Debug|Any CPU
		{8DCB9B39-EC81-48F9-8E94-304ACE471BC8}.Release|Any CPU.ActiveCfg = Release|Any CPU
		{8DCB9B39-EC81-48F9-8E94-304ACE471BC8}.Release|Any CPU.Build.0 = Release|Any CPU
		{962813AE-56FD-4699-9675-FD27B9E2CFB5}.Debug|Any CPU.ActiveCfg = Debug|Any CPU
		{962813AE-56FD-4699-9675-FD27B9E2CFB5}.Release|Any CPU.ActiveCfg = Release|Any CPU
		{962813AE-56FD-4699-9675-FD27B9E2CFB5}.Release|Any CPU.Build.0 = Release|Any CPU
		{98BA33E4-63E0-4E8F-9594-935E6A05AE02}.Debug|Any CPU.ActiveCfg = Debug|Any CPU
		{98BA33E4-63E0-4E8F-9594-935E6A05AE02}.Debug|Any CPU.Build.0 = Debug|Any CPU
		{98BA33E4-63E0-4E8F-9594-935E6A05AE02}.Release|Any CPU.ActiveCfg = Release|Any CPU
		{98BA33E4-63E0-4E8F-9594-935E6A05AE02}.Release|Any CPU.Build.0 = Release|Any CPU
		{2F2E11E0-19A6-4A55-B552-0D93867420B0}.Debug|Any CPU.ActiveCfg = Debug|Any CPU
		{2F2E11E0-19A6-4A55-B552-0D93867420B0}.Debug|Any CPU.Build.0 = Debug|Any CPU
		{2F2E11E0-19A6-4A55-B552-0D93867420B0}.Release|Any CPU.ActiveCfg = Release|Any CPU
		{2F2E11E0-19A6-4A55-B552-0D93867420B0}.Release|Any CPU.Build.0 = Release|Any CPU
		{E1F2B4D4-0EE1-4D23-BB7E-2F8FE13EDEF9}.Debug|Any CPU.ActiveCfg = Debug|Any CPU
		{E1F2B4D4-0EE1-4D23-BB7E-2F8FE13EDEF9}.Debug|Any CPU.Build.0 = Debug|Any CPU
		{E1F2B4D4-0EE1-4D23-BB7E-2F8FE13EDEF9}.Release|Any CPU.ActiveCfg = Release|Any CPU
		{E1F2B4D4-0EE1-4D23-BB7E-2F8FE13EDEF9}.Release|Any CPU.Build.0 = Release|Any CPU
		{0D4AB6B3-7FC0-4654-861B-D5BFE108652F}.Debug|Any CPU.ActiveCfg = Debug|Any CPU
		{0D4AB6B3-7FC0-4654-861B-D5BFE108652F}.Debug|Any CPU.Build.0 = Debug|Any CPU
		{0D4AB6B3-7FC0-4654-861B-D5BFE108652F}.Release|Any CPU.ActiveCfg = Release|Any CPU
		{0D4AB6B3-7FC0-4654-861B-D5BFE108652F}.Release|Any CPU.Build.0 = Release|Any CPU
	EndGlobalSection
	GlobalSection(SolutionProperties) = preSolution
		HideSolutionNode = FALSE
	EndGlobalSection
	GlobalSection(ExtensibilityGlobals) = postSolution
		SolutionGuid = {02C9A4B5-EBEC-4778-B623-056D730EEC5E}
	EndGlobalSection
EndGlobal
